
Microsoft Visual Studio Solution File, Format Version 12.00
# Visual Studio Version 16
VisualStudioVersion = 16.0.31005.135
MinimumVisualStudioVersion = 10.0.40219.1
Project("{FAE04EC0-301F-11D3-BF4B-00C04F79EFBC}") = "GraphQlDemo", "GraphQlDemo\GraphQlDemo.csproj", "{39419A2B-8C6B-4156-86E3-C00346FF8243}"
EndProject
Global
	GlobalSection(SolutionConfigurationPlatforms) = preSolution
		Debug|Any CPU = Debug|Any CPU
		Release|Any CPU = Release|Any CPU
	EndGlobalSection
	GlobalSection(ProjectConfigurationPlatforms) = postSolution
		{39419A2B-8C6B-4156-86E3-C00346FF8243}.Debug|Any CPU.ActiveCfg = Debug|Any CPU
		{39419A2B-8C6B-4156-86E3-C00346FF8243}.Debug|Any CPU.Build.0 = Debug|Any CPU
		{39419A2B-8C6B-4156-86E3-C00346FF8243}.Release|Any CPU.ActiveCfg = Release|Any CPU
		{39419A2B-8C6B-4156-86E3-C00346FF8243}.Release|Any CPU.Build.0 = Release|Any CPU
	EndGlobalSection
	GlobalSection(SolutionProperties) = preSolution
		HideSolutionNode = FALSE
	EndGlobalSection
	GlobalSection(ExtensibilityGlobals) = postSolution
		SolutionGuid = {33F5EF7C-84AA-43A9-8DDB-15E16EFAC629}
	EndGlobalSection
EndGlobal
